// !$*UTF8*$!
{
	archiveVersion = 1;
	classes = {
	};
	objectVersion = 46;
	objects = {

/* Begin PBXBuildFile section */
		43E7CC221528D854001B5DC7 /* Foundation.framework in Frameworks */ = {isa = PBXBuildFile; fileRef = 43E7CC211528D854001B5DC7 /* Foundation.framework */; };
		43E7CC241528D854001B5DC7 /* UIKit.framework in Frameworks */ = {isa = PBXBuildFile; fileRef = 43E7CC231528D854001B5DC7 /* UIKit.framework */; };
		43E7CC261528D854001B5DC7 /* CoreGraphics.framework in Frameworks */ = {isa = PBXBuildFile; fileRef = 43E7CC251528D854001B5DC7 /* CoreGraphics.framework */; };
		43E7CC281528D854001B5DC7 /* AddressBook.framework in Frameworks */ = {isa = PBXBuildFile; fileRef = 43E7CC271528D854001B5DC7 /* AddressBook.framework */; };
		43E7CC2A1528D854001B5DC7 /* AddressBookUI.framework in Frameworks */ = {isa = PBXBuildFile; fileRef = 43E7CC291528D854001B5DC7 /* AddressBookUI.framework */; };
		43E7CC2C1528D854001B5DC7 /* AudioToolbox.framework in Frameworks */ = {isa = PBXBuildFile; fileRef = 43E7CC2B1528D854001B5DC7 /* AudioToolbox.framework */; };
		43E7CC2E1528D854001B5DC7 /* AVFoundation.framework in Frameworks */ = {isa = PBXBuildFile; fileRef = 43E7CC2D1528D854001B5DC7 /* AVFoundation.framework */; };
		43E7CC301528D854001B5DC7 /* CoreLocation.framework in Frameworks */ = {isa = PBXBuildFile; fileRef = 43E7CC2F1528D854001B5DC7 /* CoreLocation.framework */; };
		43E7CC321528D854001B5DC7 /* MediaPlayer.framework in Frameworks */ = {isa = PBXBuildFile; fileRef = 43E7CC311528D854001B5DC7 /* MediaPlayer.framework */; };
		43E7CC341528D854001B5DC7 /* QuartzCore.framework in Frameworks */ = {isa = PBXBuildFile; fileRef = 43E7CC331528D854001B5DC7 /* QuartzCore.framework */; };
		43E7CC361528D854001B5DC7 /* SystemConfiguration.framework in Frameworks */ = {isa = PBXBuildFile; fileRef = 43E7CC351528D854001B5DC7 /* SystemConfiguration.framework */; };
		43E7CC381528D854001B5DC7 /* MobileCoreServices.framework in Frameworks */ = {isa = PBXBuildFile; fileRef = 43E7CC371528D854001B5DC7 /* MobileCoreServices.framework */; };
		43E7CC3A1528D854001B5DC7 /* CoreMedia.framework in Frameworks */ = {isa = PBXBuildFile; fileRef = 43E7CC391528D854001B5DC7 /* CoreMedia.framework */; };
		43E7CC401528D854001B5DC7 /* InfoPlist.strings in Resources */ = {isa = PBXBuildFile; fileRef = 43E7CC3E1528D854001B5DC7 /* InfoPlist.strings */; };
		43E7CC421528D854001B5DC7 /* main.m in Sources */ = {isa = PBXBuildFile; fileRef = 43E7CC411528D854001B5DC7 /* main.m */; };
		43E7CC451528D854001B5DC7 /* Cordova.framework in Frameworks */ = {isa = PBXBuildFile; fileRef = 43E7CC441528D854001B5DC7 /* Cordova.framework */; };
		43E7CC4A1528D854001B5DC7 /* Localizable.strings in Resources */ = {isa = PBXBuildFile; fileRef = 43E7CC481528D854001B5DC7 /* Localizable.strings */; };
		43E7CC4E1528D854001B5DC7 /* Localizable.strings in Resources */ = {isa = PBXBuildFile; fileRef = 43E7CC4C1528D854001B5DC7 /* Localizable.strings */; };
		43E7CC521528D854001B5DC7 /* Localizable.strings in Resources */ = {isa = PBXBuildFile; fileRef = 43E7CC501528D854001B5DC7 /* Localizable.strings */; };
		43E7CC561528D854001B5DC7 /* Localizable.strings in Resources */ = {isa = PBXBuildFile; fileRef = 43E7CC541528D854001B5DC7 /* Localizable.strings */; };
		43E7CC591528D854001B5DC7 /* icon.png in Resources */ = {isa = PBXBuildFile; fileRef = 43E7CC581528D854001B5DC7 /* icon.png */; };
		43E7CC5B1528D854001B5DC7 /* icon@2x.png in Resources */ = {isa = PBXBuildFile; fileRef = 43E7CC5A1528D854001B5DC7 /* icon@2x.png */; };
		43E7CC5D1528D854001B5DC7 /* icon-72.png in Resources */ = {isa = PBXBuildFile; fileRef = 43E7CC5C1528D854001B5DC7 /* icon-72.png */; };
		43E7CC601528D854001B5DC7 /* Default.png in Resources */ = {isa = PBXBuildFile; fileRef = 43E7CC5F1528D854001B5DC7 /* Default.png */; };
		43E7CC621528D854001B5DC7 /* Default@2x.png in Resources */ = {isa = PBXBuildFile; fileRef = 43E7CC611528D854001B5DC7 /* Default@2x.png */; };
		43E7CC641528D854001B5DC7 /* Capture.bundle in Resources */ = {isa = PBXBuildFile; fileRef = 43E7CC631528D854001B5DC7 /* Capture.bundle */; };
		43E7CC661528D854001B5DC7 /* Cordova.plist in Resources */ = {isa = PBXBuildFile; fileRef = 43E7CC651528D854001B5DC7 /* Cordova.plist */; };
		43E7CC6A1528D854001B5DC7 /* AppDelegate.m in Sources */ = {isa = PBXBuildFile; fileRef = 43E7CC691528D854001B5DC7 /* AppDelegate.m */; };
		43E7CC6D1528D854001B5DC7 /* MainViewController.m in Sources */ = {isa = PBXBuildFile; fileRef = 43E7CC6C1528D854001B5DC7 /* MainViewController.m */; };
		43E7CC6F1528D854001B5DC7 /* MainViewController.xib in Resources */ = {isa = PBXBuildFile; fileRef = 43E7CC6E1528D854001B5DC7 /* MainViewController.xib */; };
		43E7CC731528D854001B5DC7 /* verify.sh in Resources */ = {isa = PBXBuildFile; fileRef = 43E7CC721528D854001B5DC7 /* verify.sh */; };
		43E7CC841528D939001B5DC7 /* www in Resources */ = {isa = PBXBuildFile; fileRef = 43E7CC831528D939001B5DC7 /* www */; };
		43E7CC8B1528E2A5001B5DC7 /* PushNotification.m in Sources */ = {isa = PBXBuildFile; fileRef = 43E7CC8A1528E2A5001B5DC7 /* PushNotification.m */; };
/* End PBXBuildFile section */

/* Begin PBXFileReference section */
		43E7CC1D1528D854001B5DC7 /* Notify.app */ = {isa = PBXFileReference; explicitFileType = wrapper.application; includeInIndex = 0; path = Notify.app; sourceTree = BUILT_PRODUCTS_DIR; };
		43E7CC211528D854001B5DC7 /* Foundation.framework */ = {isa = PBXFileReference; lastKnownFileType = wrapper.framework; name = Foundation.framework; path = System/Library/Frameworks/Foundation.framework; sourceTree = SDKROOT; };
		43E7CC231528D854001B5DC7 /* UIKit.framework */ = {isa = PBXFileReference; lastKnownFileType = wrapper.framework; name = UIKit.framework; path = System/Library/Frameworks/UIKit.framework; sourceTree = SDKROOT; };
		43E7CC251528D854001B5DC7 /* CoreGraphics.framework */ = {isa = PBXFileReference; lastKnownFileType = wrapper.framework; name = CoreGraphics.framework; path = System/Library/Frameworks/CoreGraphics.framework; sourceTree = SDKROOT; };
		43E7CC271528D854001B5DC7 /* AddressBook.framework */ = {isa = PBXFileReference; lastKnownFileType = wrapper.framework; name = AddressBook.framework; path = System/Library/Frameworks/AddressBook.framework; sourceTree = SDKROOT; };
		43E7CC291528D854001B5DC7 /* AddressBookUI.framework */ = {isa = PBXFileReference; lastKnownFileType = wrapper.framework; name = AddressBookUI.framework; path = System/Library/Frameworks/AddressBookUI.framework; sourceTree = SDKROOT; };
		43E7CC2B1528D854001B5DC7 /* AudioToolbox.framework */ = {isa = PBXFileReference; lastKnownFileType = wrapper.framework; name = AudioToolbox.framework; path = System/Library/Frameworks/AudioToolbox.framework; sourceTree = SDKROOT; };
		43E7CC2D1528D854001B5DC7 /* AVFoundation.framework */ = {isa = PBXFileReference; lastKnownFileType = wrapper.framework; name = AVFoundation.framework; path = System/Library/Frameworks/AVFoundation.framework; sourceTree = SDKROOT; };
		43E7CC2F1528D854001B5DC7 /* CoreLocation.framework */ = {isa = PBXFileReference; lastKnownFileType = wrapper.framework; name = CoreLocation.framework; path = System/Library/Frameworks/CoreLocation.framework; sourceTree = SDKROOT; };
		43E7CC311528D854001B5DC7 /* MediaPlayer.framework */ = {isa = PBXFileReference; lastKnownFileType = wrapper.framework; name = MediaPlayer.framework; path = System/Library/Frameworks/MediaPlayer.framework; sourceTree = SDKROOT; };
		43E7CC331528D854001B5DC7 /* QuartzCore.framework */ = {isa = PBXFileReference; lastKnownFileType = wrapper.framework; name = QuartzCore.framework; path = System/Library/Frameworks/QuartzCore.framework; sourceTree = SDKROOT; };
		43E7CC351528D854001B5DC7 /* SystemConfiguration.framework */ = {isa = PBXFileReference; lastKnownFileType = wrapper.framework; name = SystemConfiguration.framework; path = System/Library/Frameworks/SystemConfiguration.framework; sourceTree = SDKROOT; };
		43E7CC371528D854001B5DC7 /* MobileCoreServices.framework */ = {isa = PBXFileReference; lastKnownFileType = wrapper.framework; name = MobileCoreServices.framework; path = System/Library/Frameworks/MobileCoreServices.framework; sourceTree = SDKROOT; };
		43E7CC391528D854001B5DC7 /* CoreMedia.framework */ = {isa = PBXFileReference; lastKnownFileType = wrapper.framework; name = CoreMedia.framework; path = System/Library/Frameworks/CoreMedia.framework; sourceTree = SDKROOT; };
		43E7CC3D1528D854001B5DC7 /* Notify-Info.plist */ = {isa = PBXFileReference; lastKnownFileType = text.plist.xml; path = "Notify-Info.plist"; sourceTree = "<group>"; };
		43E7CC3F1528D854001B5DC7 /* en */ = {isa = PBXFileReference; lastKnownFileType = text.plist.strings; name = en; path = en.lproj/InfoPlist.strings; sourceTree = "<group>"; };
		43E7CC411528D854001B5DC7 /* main.m */ = {isa = PBXFileReference; lastKnownFileType = sourcecode.c.objc; path = main.m; sourceTree = "<group>"; };
		43E7CC431528D854001B5DC7 /* Notify-Prefix.pch */ = {isa = PBXFileReference; lastKnownFileType = sourcecode.c.h; path = "Notify-Prefix.pch"; sourceTree = "<group>"; };
		43E7CC441528D854001B5DC7 /* Cordova.framework */ = {isa = PBXFileReference; lastKnownFileType = wrapper.framework; name = Cordova.framework; path = /Users/Shared/Cordova/Frameworks/Cordova.framework; sourceTree = "<absolute>"; };
		43E7CC491528D854001B5DC7 /* en */ = {isa = PBXFileReference; lastKnownFileType = text.plist.strings; name = en; path = Resources/en.lproj/Localizable.strings; sourceTree = "<group>"; };
		43E7CC4D1528D854001B5DC7 /* es */ = {isa = PBXFileReference; lastKnownFileType = text.plist.strings; name = es; path = Resources/es.lproj/Localizable.strings; sourceTree = "<group>"; };
		43E7CC511528D854001B5DC7 /* de */ = {isa = PBXFileReference; lastKnownFileType = text.plist.strings; name = de; path = Resources/de.lproj/Localizable.strings; sourceTree = "<group>"; };
		43E7CC551528D854001B5DC7 /* se */ = {isa = PBXFileReference; lastKnownFileType = text.plist.strings; name = se; path = Resources/se.lproj/Localizable.strings; sourceTree = "<group>"; };
		43E7CC581528D854001B5DC7 /* icon.png */ = {isa = PBXFileReference; lastKnownFileType = image.png; name = icon.png; path = Resources/icons/icon.png; sourceTree = "<group>"; };
		43E7CC5A1528D854001B5DC7 /* icon@2x.png */ = {isa = PBXFileReference; lastKnownFileType = image.png; name = "icon@2x.png"; path = "Resources/icons/icon@2x.png"; sourceTree = "<group>"; };
		43E7CC5C1528D854001B5DC7 /* icon-72.png */ = {isa = PBXFileReference; lastKnownFileType = image.png; name = "icon-72.png"; path = "Resources/icons/icon-72.png"; sourceTree = "<group>"; };
		43E7CC5F1528D854001B5DC7 /* Default.png */ = {isa = PBXFileReference; lastKnownFileType = image.png; name = Default.png; path = Resources/splash/Default.png; sourceTree = "<group>"; };
		43E7CC611528D854001B5DC7 /* Default@2x.png */ = {isa = PBXFileReference; lastKnownFileType = image.png; name = "Default@2x.png"; path = "Resources/splash/Default@2x.png"; sourceTree = "<group>"; };
		43E7CC631528D854001B5DC7 /* Capture.bundle */ = {isa = PBXFileReference; lastKnownFileType = "wrapper.plug-in"; name = Capture.bundle; path = Resources/Capture.bundle; sourceTree = "<group>"; };
		43E7CC651528D854001B5DC7 /* Cordova.plist */ = {isa = PBXFileReference; lastKnownFileType = text.plist.xml; path = Cordova.plist; sourceTree = "<group>"; };
		43E7CC681528D854001B5DC7 /* AppDelegate.h */ = {isa = PBXFileReference; lastKnownFileType = sourcecode.c.h; name = AppDelegate.h; path = Classes/AppDelegate.h; sourceTree = "<group>"; };
		43E7CC691528D854001B5DC7 /* AppDelegate.m */ = {isa = PBXFileReference; lastKnownFileType = sourcecode.c.objc; name = AppDelegate.m; path = Classes/AppDelegate.m; sourceTree = "<group>"; };
		43E7CC6B1528D854001B5DC7 /* MainViewController.h */ = {isa = PBXFileReference; lastKnownFileType = sourcecode.c.h; name = MainViewController.h; path = Classes/MainViewController.h; sourceTree = "<group>"; };
		43E7CC6C1528D854001B5DC7 /* MainViewController.m */ = {isa = PBXFileReference; lastKnownFileType = sourcecode.c.objc; name = MainViewController.m; path = Classes/MainViewController.m; sourceTree = "<group>"; };
		43E7CC6E1528D854001B5DC7 /* MainViewController.xib */ = {isa = PBXFileReference; lastKnownFileType = file.xib; name = MainViewController.xib; path = Classes/MainViewController.xib; sourceTree = "<group>"; };
		43E7CC711528D854001B5DC7 /* README */ = {isa = PBXFileReference; lastKnownFileType = text; name = README; path = Plugins/README; sourceTree = "<group>"; };
		43E7CC721528D854001B5DC7 /* verify.sh */ = {isa = PBXFileReference; lastKnownFileType = text.script.sh; path = verify.sh; sourceTree = "<group>"; };
		43E7CC831528D939001B5DC7 /* www */ = {isa = PBXFileReference; lastKnownFileType = folder; path = www; sourceTree = "<group>"; };
		43E7CC891528E2A5001B5DC7 /* PushNotification.h */ = {isa = PBXFileReference; fileEncoding = 4; lastKnownFileType = sourcecode.c.h; name = PushNotification.h; path = Plugins/PushNotification.h; sourceTree = "<group>"; };
		43E7CC8A1528E2A5001B5DC7 /* PushNotification.m */ = {isa = PBXFileReference; fileEncoding = 4; lastKnownFileType = sourcecode.c.objc; name = PushNotification.m; path = Plugins/PushNotification.m; sourceTree = "<group>"; };
/* End PBXFileReference section */

/* Begin PBXFrameworksBuildPhase section */
		43E7CC171528D854001B5DC7 /* Frameworks */ = {
			isa = PBXFrameworksBuildPhase;
			buildActionMask = 2147483647;
			files = (
				43E7CC221528D854001B5DC7 /* Foundation.framework in Frameworks */,
				43E7CC241528D854001B5DC7 /* UIKit.framework in Frameworks */,
				43E7CC261528D854001B5DC7 /* CoreGraphics.framework in Frameworks */,
				43E7CC281528D854001B5DC7 /* AddressBook.framework in Frameworks */,
				43E7CC2A1528D854001B5DC7 /* AddressBookUI.framework in Frameworks */,
				43E7CC2C1528D854001B5DC7 /* AudioToolbox.framework in Frameworks */,
				43E7CC2E1528D854001B5DC7 /* AVFoundation.framework in Frameworks */,
				43E7CC301528D854001B5DC7 /* CoreLocation.framework in Frameworks */,
				43E7CC321528D854001B5DC7 /* MediaPlayer.framework in Frameworks */,
				43E7CC341528D854001B5DC7 /* QuartzCore.framework in Frameworks */,
				43E7CC361528D854001B5DC7 /* SystemConfiguration.framework in Frameworks */,
				43E7CC381528D854001B5DC7 /* MobileCoreServices.framework in Frameworks */,
				43E7CC3A1528D854001B5DC7 /* CoreMedia.framework in Frameworks */,
				43E7CC451528D854001B5DC7 /* Cordova.framework in Frameworks */,
			);
			runOnlyForDeploymentPostprocessing = 0;
		};
		43E7CC1A1528D854001B5DC7 /* Frameworks */ = {
			isa = PBXFrameworksBuildPhase;
			buildActionMask = 2147483647;
			files = (
			);
			runOnlyForDeploymentPostprocessing = 0;
		};
/* End PBXFrameworksBuildPhase section */

/* Begin PBXGroup section */
		43E7CC0F1528D854001B5DC7 = {
			isa = PBXGroup;
			children = (
				43E7CC831528D939001B5DC7 /* www */,
				43E7CC3B1528D854001B5DC7 /* Notify */,
				43E7CC201528D854001B5DC7 /* Frameworks */,
				43E7CC1E1528D854001B5DC7 /* Products */,
			);
			sourceTree = "<group>";
		};
		43E7CC1E1528D854001B5DC7 /* Products */ = {
			isa = PBXGroup;
			children = (
				43E7CC1D1528D854001B5DC7 /* Notify.app */,
			);
			name = Products;
			sourceTree = "<group>";
		};
		43E7CC201528D854001B5DC7 /* Frameworks */ = {
			isa = PBXGroup;
			children = (
				43E7CC211528D854001B5DC7 /* Foundation.framework */,
				43E7CC231528D854001B5DC7 /* UIKit.framework */,
				43E7CC251528D854001B5DC7 /* CoreGraphics.framework */,
				43E7CC271528D854001B5DC7 /* AddressBook.framework */,
				43E7CC291528D854001B5DC7 /* AddressBookUI.framework */,
				43E7CC2B1528D854001B5DC7 /* AudioToolbox.framework */,
				43E7CC2D1528D854001B5DC7 /* AVFoundation.framework */,
				43E7CC2F1528D854001B5DC7 /* CoreLocation.framework */,
				43E7CC311528D854001B5DC7 /* MediaPlayer.framework */,
				43E7CC331528D854001B5DC7 /* QuartzCore.framework */,
				43E7CC351528D854001B5DC7 /* SystemConfiguration.framework */,
				43E7CC371528D854001B5DC7 /* MobileCoreServices.framework */,
				43E7CC391528D854001B5DC7 /* CoreMedia.framework */,
			);
			name = Frameworks;
			sourceTree = "<group>";
		};
		43E7CC3B1528D854001B5DC7 /* Notify */ = {
			isa = PBXGroup;
			children = (
				43E7CC441528D854001B5DC7 /* Cordova.framework */,
				43E7CC461528D854001B5DC7 /* Resources */,
				43E7CC671528D854001B5DC7 /* Classes */,
				43E7CC701528D854001B5DC7 /* Plugins */,
				43E7CC3C1528D854001B5DC7 /* Supporting Files */,
			);
			path = Notify;
			sourceTree = "<group>";
		};
		43E7CC3C1528D854001B5DC7 /* Supporting Files */ = {
			isa = PBXGroup;
			children = (
				43E7CC3D1528D854001B5DC7 /* Notify-Info.plist */,
				43E7CC3E1528D854001B5DC7 /* InfoPlist.strings */,
				43E7CC411528D854001B5DC7 /* main.m */,
				43E7CC431528D854001B5DC7 /* Notify-Prefix.pch */,
				43E7CC651528D854001B5DC7 /* Cordova.plist */,
				43E7CC6E1528D854001B5DC7 /* MainViewController.xib */,
				43E7CC721528D854001B5DC7 /* verify.sh */,
			);
			name = "Supporting Files";
			sourceTree = "<group>";
		};
		43E7CC461528D854001B5DC7 /* Resources */ = {
			isa = PBXGroup;
			children = (
				43E7CC631528D854001B5DC7 /* Capture.bundle */,
				43E7CC471528D854001B5DC7 /* en.lproj */,
				43E7CC4B1528D854001B5DC7 /* es.lproj */,
				43E7CC4F1528D854001B5DC7 /* de.lproj */,
				43E7CC531528D854001B5DC7 /* se.lproj */,
				43E7CC571528D854001B5DC7 /* icons */,
				43E7CC5E1528D854001B5DC7 /* splash */,
			);
			name = Resources;
			sourceTree = "<group>";
		};
		43E7CC471528D854001B5DC7 /* en.lproj */ = {
			isa = PBXGroup;
			children = (
				43E7CC481528D854001B5DC7 /* Localizable.strings */,
			);
			name = en.lproj;
			sourceTree = "<group>";
		};
		43E7CC4B1528D854001B5DC7 /* es.lproj */ = {
			isa = PBXGroup;
			children = (
				43E7CC4C1528D854001B5DC7 /* Localizable.strings */,
			);
			name = es.lproj;
			sourceTree = "<group>";
		};
		43E7CC4F1528D854001B5DC7 /* de.lproj */ = {
			isa = PBXGroup;
			children = (
				43E7CC501528D854001B5DC7 /* Localizable.strings */,
			);
			name = de.lproj;
			sourceTree = "<group>";
		};
		43E7CC531528D854001B5DC7 /* se.lproj */ = {
			isa = PBXGroup;
			children = (
				43E7CC541528D854001B5DC7 /* Localizable.strings */,
			);
			name = se.lproj;
			sourceTree = "<group>";
		};
		43E7CC571528D854001B5DC7 /* icons */ = {
			isa = PBXGroup;
			children = (
				43E7CC581528D854001B5DC7 /* icon.png */,
				43E7CC5A1528D854001B5DC7 /* icon@2x.png */,
				43E7CC5C1528D854001B5DC7 /* icon-72.png */,
			);
			name = icons;
			sourceTree = "<group>";
		};
		43E7CC5E1528D854001B5DC7 /* splash */ = {
			isa = PBXGroup;
			children = (
				43E7CC5F1528D854001B5DC7 /* Default.png */,
				43E7CC611528D854001B5DC7 /* Default@2x.png */,
			);
			name = splash;
			sourceTree = "<group>";
		};
		43E7CC671528D854001B5DC7 /* Classes */ = {
			isa = PBXGroup;
			children = (
				43E7CC681528D854001B5DC7 /* AppDelegate.h */,
				43E7CC691528D854001B5DC7 /* AppDelegate.m */,
				43E7CC6B1528D854001B5DC7 /* MainViewController.h */,
				43E7CC6C1528D854001B5DC7 /* MainViewController.m */,
			);
			name = Classes;
			sourceTree = "<group>";
		};
		43E7CC701528D854001B5DC7 /* Plugins */ = {
			isa = PBXGroup;
			children = (
				43E7CC891528E2A5001B5DC7 /* PushNotification.h */,
				43E7CC8A1528E2A5001B5DC7 /* PushNotification.m */,
				43E7CC711528D854001B5DC7 /* README */,
			);
			name = Plugins;
			sourceTree = "<group>";
		};
/* End PBXGroup section */

/* Begin PBXNativeTarget section */
		43E7CC1C1528D854001B5DC7 /* Notify */ = {
			isa = PBXNativeTarget;
			buildConfigurationList = 43E7CC761528D854001B5DC7 /* Build configuration list for PBXNativeTarget "Notify" */;
			buildPhases = (
				43E7CC161528D854001B5DC7 /* Sources */,
				43E7CC171528D854001B5DC7 /* Frameworks */,
				43E7CC181528D854001B5DC7 /* Resources */,
				43E7CC191528D854001B5DC7 /* Sources */,
				43E7CC1A1528D854001B5DC7 /* Frameworks */,
				43E7CC1B1528D854001B5DC7 /* ShellScript */,
			);
			buildRules = (
			);
			dependencies = (
			);
			name = Notify;
			productName = Notify;
			productReference = 43E7CC1D1528D854001B5DC7 /* Notify.app */;
			productType = "com.apple.product-type.application";
		};
/* End PBXNativeTarget section */

/* Begin PBXProject section */
		43E7CC111528D854001B5DC7 /* Project object */ = {
			isa = PBXProject;
			attributes = {
				LastUpgradeCheck = 0430;
				ORGANIZATIONNAME = "Internetkultur Ehrenfellner & Peter";
			};
			buildConfigurationList = 43E7CC141528D854001B5DC7 /* Build configuration list for PBXProject "Notify" */;
			compatibilityVersion = "Xcode 3.2";
			developmentRegion = English;
			hasScannedForEncodings = 0;
			knownRegions = (
				en,
				es,
				de,
				se,
			);
			mainGroup = 43E7CC0F1528D854001B5DC7;
			productRefGroup = 43E7CC1E1528D854001B5DC7 /* Products */;
			projectDirPath = "";
			projectRoot = "";
			targets = (
				43E7CC1C1528D854001B5DC7 /* Notify */,
			);
		};
/* End PBXProject section */

/* Begin PBXResourcesBuildPhase section */
		43E7CC181528D854001B5DC7 /* Resources */ = {
			isa = PBXResourcesBuildPhase;
			buildActionMask = 2147483647;
			files = (
				43E7CC401528D854001B5DC7 /* InfoPlist.strings in Resources */,
				43E7CC4A1528D854001B5DC7 /* Localizable.strings in Resources */,
				43E7CC4E1528D854001B5DC7 /* Localizable.strings in Resources */,
				43E7CC521528D854001B5DC7 /* Localizable.strings in Resources */,
				43E7CC561528D854001B5DC7 /* Localizable.strings in Resources */,
				43E7CC591528D854001B5DC7 /* icon.png in Resources */,
				43E7CC5B1528D854001B5DC7 /* icon@2x.png in Resources */,
				43E7CC5D1528D854001B5DC7 /* icon-72.png in Resources */,
				43E7CC601528D854001B5DC7 /* Default.png in Resources */,
				43E7CC621528D854001B5DC7 /* Default@2x.png in Resources */,
				43E7CC641528D854001B5DC7 /* Capture.bundle in Resources */,
				43E7CC661528D854001B5DC7 /* Cordova.plist in Resources */,
				43E7CC6F1528D854001B5DC7 /* MainViewController.xib in Resources */,
				43E7CC731528D854001B5DC7 /* verify.sh in Resources */,
				43E7CC841528D939001B5DC7 /* www in Resources */,
			);
			runOnlyForDeploymentPostprocessing = 0;
		};
/* End PBXResourcesBuildPhase section */

/* Begin PBXShellScriptBuildPhase section */
		43E7CC1B1528D854001B5DC7 /* ShellScript */ = {
			isa = PBXShellScriptBuildPhase;
			buildActionMask = 2147483647;
			files = (
			);
			inputPaths = (
			);
			outputPaths = (
			);
			runOnlyForDeploymentPostprocessing = 0;
			shellPath = /bin/bash;
			shellScript = "\n\t\t\t\t\t\t\t\tchmod 755 $PROJECT_DIR/$PROJECT_NAME/verify.sh\n\t\t\t\t\t\t\t\t$PROJECT_DIR/$PROJECT_NAME/verify.sh\n\t\t\t\t\t";
		};
/* End PBXShellScriptBuildPhase section */

/* Begin PBXSourcesBuildPhase section */
		43E7CC161528D854001B5DC7 /* Sources */ = {
			isa = PBXSourcesBuildPhase;
			buildActionMask = 2147483647;
			files = (
				43E7CC421528D854001B5DC7 /* main.m in Sources */,
				43E7CC6A1528D854001B5DC7 /* AppDelegate.m in Sources */,
				43E7CC6D1528D854001B5DC7 /* MainViewController.m in Sources */,
				43E7CC8B1528E2A5001B5DC7 /* PushNotification.m in Sources */,
			);
			runOnlyForDeploymentPostprocessing = 0;
		};
		43E7CC191528D854001B5DC7 /* Sources */ = {
			isa = PBXSourcesBuildPhase;
			buildActionMask = 2147483647;
			files = (
			);
			runOnlyForDeploymentPostprocessing = 0;
		};
/* End PBXSourcesBuildPhase section */

/* Begin PBXVariantGroup section */
		43E7CC3E1528D854001B5DC7 /* InfoPlist.strings */ = {
			isa = PBXVariantGroup;
			children = (
				43E7CC3F1528D854001B5DC7 /* en */,
			);
			name = InfoPlist.strings;
			sourceTree = "<group>";
		};
		43E7CC481528D854001B5DC7 /* Localizable.strings */ = {
			isa = PBXVariantGroup;
			children = (
				43E7CC491528D854001B5DC7 /* en */,
			);
			name = Localizable.strings;
			sourceTree = "<group>";
		};
		43E7CC4C1528D854001B5DC7 /* Localizable.strings */ = {
			isa = PBXVariantGroup;
			children = (
				43E7CC4D1528D854001B5DC7 /* es */,
			);
			name = Localizable.strings;
			sourceTree = "<group>";
		};
		43E7CC501528D854001B5DC7 /* Localizable.strings */ = {
			isa = PBXVariantGroup;
			children = (
				43E7CC511528D854001B5DC7 /* de */,
			);
			name = Localizable.strings;
			sourceTree = "<group>";
		};
		43E7CC541528D854001B5DC7 /* Localizable.strings */ = {
			isa = PBXVariantGroup;
			children = (
				43E7CC551528D854001B5DC7 /* se */,
			);
			name = Localizable.strings;
			sourceTree = "<group>";
		};
/* End PBXVariantGroup section */

/* Begin XCBuildConfiguration section */
		43E7CC741528D854001B5DC7 /* Debug */ = {
			isa = XCBuildConfiguration;
			buildSettings = {
				ALWAYS_SEARCH_USER_PATHS = NO;
				ARCHS = (
					armv6,
					"$(ARCHS_STANDARD_32_BIT)",
				);
				"CODE_SIGN_IDENTITY[sdk=iphoneos*]" = "iPhone Developer";
				COPY_PHASE_STRIP = NO;
				GCC_C_LANGUAGE_STANDARD = gnu99;
				GCC_DYNAMIC_NO_PIC = NO;
				GCC_OPTIMIZATION_LEVEL = 0;
				GCC_PREPROCESSOR_DEFINITIONS = (
					"DEBUG=1",
					"$(inherited)",
				);
				GCC_SYMBOLS_PRIVATE_EXTERN = NO;
				GCC_THUMB_SUPPORT = NO;
				GCC_VERSION = com.apple.compilers.llvm.clang.1_0;
				GCC_WARN_ABOUT_RETURN_TYPE = YES;
				GCC_WARN_UNINITIALIZED_AUTOS = YES;
				GCC_WARN_UNUSED_VARIABLE = YES;
				IPHONEOS_DEPLOYMENT_TARGET = 5.1;
				SDKROOT = iphoneos;
			};
			name = Debug;
		};
		43E7CC751528D854001B5DC7 /* Release */ = {
			isa = XCBuildConfiguration;
			buildSettings = {
				ALWAYS_SEARCH_USER_PATHS = NO;
				ARCHS = (
					armv6,
					"$(ARCHS_STANDARD_32_BIT)",
				);
				"CODE_SIGN_IDENTITY[sdk=iphoneos*]" = "iPhone Developer";
				COPY_PHASE_STRIP = YES;
				GCC_C_LANGUAGE_STANDARD = gnu99;
				GCC_THUMB_SUPPORT = NO;
				GCC_VERSION = com.apple.compilers.llvm.clang.1_0;
				GCC_WARN_ABOUT_RETURN_TYPE = YES;
				GCC_WARN_UNINITIALIZED_AUTOS = YES;
				GCC_WARN_UNUSED_VARIABLE = YES;
				IPHONEOS_DEPLOYMENT_TARGET = 5.1;
				SDKROOT = iphoneos;
				VALIDATE_PRODUCT = YES;
			};
			name = Release;
		};
		43E7CC771528D854001B5DC7 /* Debug */ = {
			isa = XCBuildConfiguration;
			buildSettings = {
				ALWAYS_SEARCH_USER_PATHS = YES;
				COPY_PHASE_STRIP = NO;
				FRAMEWORK_SEARCH_PATHS = /Users/Shared/Cordova/Frameworks;
				GCC_DYNAMIC_NO_PIC = NO;
				GCC_PRECOMPILE_PREFIX_HEADER = YES;
				GCC_PREFIX_HEADER = "Notify/Notify-Prefix.pch";
				GCC_PREPROCESSOR_DEFINITIONS = (
					"DEBUG=1,",
					"CORDOVA_FRAMEWORK=1",
				);
				GCC_THUMB_SUPPORT = NO;
				INFOPLIST_FILE = "Notify/Notify-Info.plist";
				IPHONEOS_DEPLOYMENT_TARGET = 5.1;
				OTHER_LDFLAGS = (
					"-weak_framework",
					UIKit,
					"-weak_framework",
					AVFoundation,
					"-weak_framework",
					CoreMedia,
					"-weak_library",
					/usr/lib/libSystem.B.dylib,
				);
				PRODUCT_NAME = "$(TARGET_NAME)";
				TARGETED_DEVICE_FAMILY = "1,2";
				WRAPPER_EXTENSION = app;
			};
			name = Debug;
		};
		43E7CC781528D854001B5DC7 /* Release */ = {
			isa = XCBuildConfiguration;
			buildSettings = {
				ALWAYS_SEARCH_USER_PATHS = YES;
				COPY_PHASE_STRIP = YES;
				DEBUG_INFORMATION_FORMAT = "dwarf-with-dsym";
				FRAMEWORK_SEARCH_PATHS = /Users/Shared/Cordova/Frameworks;
				GCC_PRECOMPILE_PREFIX_HEADER = YES;
				GCC_PREFIX_HEADER = "Notify/Notify-Prefix.pch";
				GCC_PREPROCESSOR_DEFINITIONS = (
					"NDEBUG=1,",
					"CORDOVA_FRAMEWORK=1",
				);
				GCC_THUMB_SUPPORT = NO;
				INFOPLIST_FILE = "Notify/Notify-Info.plist";
				IPHONEOS_DEPLOYMENT_TARGET = 5.1;
				OTHER_LDFLAGS = (
					"-weak_framework",
					UIKit,
					"-weak_framework",
					AVFoundation,
					"-weak_framework",
					CoreMedia,
					"-weak_library",
					/usr/lib/libSystem.B.dylib,
				);
				PRODUCT_NAME = "$(TARGET_NAME)";
				TARGETED_DEVICE_FAMILY = "1,2";
				VALIDATE_PRODUCT = YES;
				WRAPPER_EXTENSION = app;
			};
			name = Release;
		};
/* End XCBuildConfiguration section */

/* Begin XCConfigurationList section */
		43E7CC141528D854001B5DC7 /* Build configuration list for PBXProject "Notify" */ = {
			isa = XCConfigurationList;
			buildConfigurations = (
				43E7CC741528D854001B5DC7 /* Debug */,
				43E7CC751528D854001B5DC7 /* Release */,
			);
			defaultConfigurationIsVisible = 0;
			defaultConfigurationName = Release;
		};
		43E7CC761528D854001B5DC7 /* Build configuration list for PBXNativeTarget "Notify" */ = {
			isa = XCConfigurationList;
			buildConfigurations = (
				43E7CC771528D854001B5DC7 /* Debug */,
				43E7CC781528D854001B5DC7 /* Release */,
			);
			defaultConfigurationIsVisible = 0;
			defaultConfigurationName = Release;
		};
/* End XCConfigurationList section */
	};
	rootObject = 43E7CC111528D854001B5DC7 /* Project object */;
}
